
Microsoft Visual Studio Solution File, Format Version 12.00
# Visual Studio Version 17
VisualStudioVersion = 17.3.32922.545
MinimumVisualStudioVersion = 10.0.40219.1
Project("{FAE04EC0-301F-11D3-BF4B-00C04F79EFBC}") = "SampleCalender", "SampleCalender.csproj", "{AD37C998-946F-4EAE-9102-093AF5FF47E1}"
EndProject
Global
	GlobalSection(SolutionConfigurationPlatforms) = preSolution
		Debug|Any CPU = Debug|Any CPU
		Release|Any CPU = Release|Any CPU
	EndGlobalSection
	GlobalSection(ProjectConfigurationPlatforms) = postSolution
		{AD37C998-946F-4EAE-9102-093AF5FF47E1}.Debug|Any CPU.ActiveCfg = Debug|Any CPU
		{AD37C998-946F-4EAE-9102-093AF5FF47E1}.Debug|Any CPU.Build.0 = Debug|Any CPU
		{AD37C998-946F-4EAE-9102-093AF5FF47E1}.Release|Any CPU.ActiveCfg = Release|Any CPU
		{AD37C998-946F-4EAE-9102-093AF5FF47E1}.Release|Any CPU.Build.0 = Release|Any CPU
	EndGlobalSection
	GlobalSection(SolutionProperties) = preSolution
		HideSolutionNode = FALSE
	EndGlobalSection
	GlobalSection(ExtensibilityGlobals) = postSolution
		SolutionGuid = {67035E4E-7652-407F-B421-D3236E1678CF}
	EndGlobalSection
EndGlobal
